<?xml version="1.0" encoding="utf-8"?>
<Project ToolsVersion="4.0" xmlns="http://schemas.microsoft.com/developer/msbuild/2003">
  <ItemGroup>
    <Filter Include="Source Files">
      <UniqueIdentifier>{4FC737F1-C7A5-4376-A066-2A32D752A2FF}</UniqueIdentifier>
      <Extensions>cpp;c;cc;cxx;c++;cppm;ixx;def;odl;idl;hpj;bat;asm;asmx</Extensions>
    </Filter>
    <Filter Include="Header Files">
      <UniqueIdentifier>{93995380-89BD-4b04-88EB-625FBE52EBFB}</UniqueIdentifier>
      <Extensions>h;hh;hpp;hxx;h++;hm;inl;inc;ipp;xsd</Extensions>
    </Filter>
    <Filter Include="Resource Files">
      <UniqueIdentifier>{67DA6AB6-F800-4c08-8B7A-83BB121AAD01}</UniqueIdentifier>
      <Extensions>rc;ico;cur;bmp;dlg;rc2;rct;bin;rgs;gif;jpg;jpeg;jpe;resx;tiff;tif;png;wav;mfcribbon-ms</Extensions>
    </Filter>
  </ItemGroup>
  <ItemGroup>
    <ClCompile Include="Organize-the-Crafting-Stations.cpp">
      <Filter>Source Files</Filter>
    </ClCompile>
    <ClCompile Include="CraftingCore.cpp">
      <Filter>Source Files</Filter>
    </ClCompile>
    <ClCompile Include="CraftingDiagnostics.cpp">
      <Filter>Source Files</Filter>
    </ClCompile>
    <ClCompile Include="CraftingInventoryBinding.cpp">
      <Filter>Source Files</Filter>
    </ClCompile>
    <ClCompile Include="CraftingInventoryKeyset.cpp">
      <Filter>Source Files</Filter>
    </ClCompile>
    <ClCompile Include="CraftingInventoryResolver.cpp">
      <Filter>Source Files</Filter>
    </ClCompile>
    <ClCompile Include="CraftingInventorySources.cpp">
      <Filter>Source Files</Filter>
    </ClCompile>
    <ClCompile Include="CraftingModHub.cpp">
      <Filter>Source Files</Filter>
    </ClCompile>
    <ClCompile Include="CraftingSearchInputBehavior.cpp">
      <Filter>Source Files</Filter>
    </ClCompile>
    <ClCompile Include="CraftingSearchPipeline.cpp">
      <Filter>Source Files</Filter>
    </ClCompile>
    <ClCompile Include="CraftingSearchUi.cpp">
      <Filter>Source Files</Filter>
    </ClCompile>
    <ClCompile Include="CraftingSearchText.cpp">
      <Filter>Source Files</Filter>
    </ClCompile>
    <ClCompile Include="CraftingWindowDetection.cpp">
      <Filter>Source Files</Filter>
    </ClCompile>
    <ClCompile Include="src\mod_hub_client.cpp">
      <Filter>Source Files</Filter>
    </ClCompile>
  </ItemGroup>
  <ItemGroup>
    <ClInclude Include="include\emc\mod_hub_api.h">
      <Filter>Header Files</Filter>
    </ClInclude>
    <ClInclude Include="include\emc\mod_hub_client.h">
      <Filter>Header Files</Filter>
    </ClInclude>
    <ClInclude Include="include\emc\mod_hub_consumer_helpers.h">
      <Filter>Header Files</Filter>
    </ClInclude>
    <ClInclude Include="CraftingCore.h">
      <Filter>Header Files</Filter>
    </ClInclude>
    <ClInclude Include="CraftingDiagnostics.h">
      <Filter>Header Files</Filter>
    </ClInclude>
    <ClInclude Include="CraftingInventoryBinding.h">
      <Filter>Header Files</Filter>
    </ClInclude>
    <ClInclude Include="CraftingModHub.h">
      <Filter>Header Files</Filter>
    </ClInclude>
    <ClInclude Include="CraftingSearchInputBehavior.h">
      <Filter>Header Files</Filter>
    </ClInclude>
    <ClInclude Include="CraftingSearchPipeline.h">
      <Filter>Header Files</Filter>
    </ClInclude>
    <ClInclude Include="CraftingSearchUi.h">
      <Filter>Header Files</Filter>
    </ClInclude>
    <ClInclude Include="CraftingSearchText.h">
      <Filter>Header Files</Filter>
    </ClInclude>
    <ClInclude Include="CraftingWindowDetection.h">
      <Filter>Header Files</Filter>
    </ClInclude>
  </ItemGroup>
</Project>
